
Microsoft Visual Studio Solution File, Format Version 12.00
# Visual Studio Express 2012 for Windows Desktop
Project("{8BC9CEB8-8B4A-11D0-8D11-00A0C91BC942}") = "CUDA", "CUDA\CUDA.vcxproj", "{2829C3F9-0957-441E-AD40-1D1A3BC3E696}"
EndProject
Project("{8BC9CEB8-8B4A-11D0-8D11-00A0C91BC942}") = "CUDA_test", "CUDA_test\CUDA_test.vcxproj", "{720800B1-C42E-4EFF-A25A-BE1D0183A7C4}"
EndProject
Global
	GlobalSection(SolutionConfigurationPlatforms) = preSolution
		Debug|Win32 = Debug|Win32
		Release|Win32 = Release|Win32
	EndGlobalSection
	GlobalSection(ProjectConfigurationPlatforms) = postSolution
		{2829C3F9-0957-441E-AD40-1D1A3BC3E696}.Debug|Win32.ActiveCfg = Debug|Win32
		{2829C3F9-0957-441E-AD40-1D1A3BC3E696}.Debug|Win32.Build.0 = Debug|Win32
		{2829C3F9-0957-441E-AD40-1D1A3BC3E696}.Release|Win32.ActiveCfg = Release|Win32
		{2829C3F9-0957-441E-AD40-1D1A3BC3E696}.Release|Win32.Build.0 = Release|Win32
		{720800B1-C42E-4EFF-A25A-BE1D0183A7C4}.Debug|Win32.ActiveCfg = Debug|Win32
		{720800B1-C42E-4EFF-A25A-BE1D0183A7C4}.Debug|Win32.Build.0 = Debug|Win32
		{720800B1-C42E-4EFF-A25A-BE1D0183A7C4}.Release|Win32.ActiveCfg = Release|Win32
		{720800B1-C42E-4EFF-A25A-BE1D0183A7C4}.Release|Win32.Build.0 = Release|Win32
	EndGlobalSection
	GlobalSection(SolutionProperties) = preSolution
		HideSolutionNode = FALSE
	EndGlobalSection
EndGlobal
